// !$*UTF8*$!
{
	archiveVersion = 1;
	classes = {
	};
	objectVersion = 56;
	objects = {

/* Begin PBXBuildFile section */
		754B83432BE36646000FF5E2 /* DiceApp_SwiftUIApp.swift in Sources */ = {isa = PBXBuildFile; fileRef = 754B83422BE36646000FF5E2 /* DiceApp_SwiftUIApp.swift */; };
		754B83452BE36646000FF5E2 /* ContentView.swift in Sources */ = {isa = PBXBuildFile; fileRef = 754B83442BE36646000FF5E2 /* ContentView.swift */; };
		754B83472BE36648000FF5E2 /* Assets.xcassets in Resources */ = {isa = PBXBuildFile; fileRef = 754B83462BE36648000FF5E2 /* Assets.xcassets */; };
		754B834A2BE36648000FF5E2 /* Preview Assets.xcassets in Resources */ = {isa = PBXBuildFile; fileRef = 754B83492BE36648000FF5E2 /* Preview Assets.xcassets */; };
		754B83542BE36649000FF5E2 /* DiceApp_SwiftUITests.swift in Sources */ = {isa = PBXBuildFile; fileRef = 754B83532BE36649000FF5E2 /* DiceApp_SwiftUITests.swift */; };
		754B835E2BE36649000FF5E2 /* DiceApp_SwiftUIUITests.swift in Sources */ = {isa = PBXBuildFile; fileRef = 754B835D2BE36649000FF5E2 /* DiceApp_SwiftUIUITests.swift */; };
		754B83602BE36649000FF5E2 /* DiceApp_SwiftUIUITestsLaunchTests.swift in Sources */ = {isa = PBXBuildFile; fileRef = 754B835F2BE36649000FF5E2 /* DiceApp_SwiftUIUITestsLaunchTests.swift */; };
/* End PBXBuildFile section */

/* Begin PBXContainerItemProxy section */
		754B83502BE36649000FF5E2 /* PBXContainerItemProxy */ = {
			isa = PBXContainerItemProxy;
			containerPortal = 754B83372BE36646000FF5E2 /* Project object */;
			proxyType = 1;
			remoteGlobalIDString = 754B833E2BE36646000FF5E2;
			remoteInfo = DiceApp_SwiftUI;
		};
		754B835A2BE36649000FF5E2 /* PBXContainerItemProxy */ = {
			isa = PBXContainerItemProxy;
			containerPortal = 754B83372BE36646000FF5E2 /* Project object */;
			proxyType = 1;
			remoteGlobalIDString = 754B833E2BE36646000FF5E2;
			remoteInfo = DiceApp_SwiftUI;
		};
/* End PBXContainerItemProxy section */

/* Begin PBXFileReference section */
		754B833F2BE36646000FF5E2 /* DiceApp_SwiftUI.app */ = {isa = PBXFileReference; explicitFileType = wrapper.application; includeInIndex = 0; path = DiceApp_SwiftUI.app; sourceTree = BUILT_PRODUCTS_DIR; };
		754B83422BE36646000FF5E2 /* DiceApp_SwiftUIApp.swift */ = {isa = PBXFileReference; lastKnownFileType = sourcecode.swift; path = DiceApp_SwiftUIApp.swift; sourceTree = "<group>"; };
		754B83442BE36646000FF5E2 /* ContentView.swift */ = {isa = PBXFileReference; lastKnownFileType = sourcecode.swift; path = ContentView.swift; sourceTree = "<group>"; };
		754B83462BE36648000FF5E2 /* Assets.xcassets */ = {isa = PBXFileReference; lastKnownFileType = folder.assetcatalog; path = Assets.xcassets; sourceTree = "<group>"; };
		754B83492BE36648000FF5E2 /* Preview Assets.xcassets */ = {isa = PBXFileReference; lastKnownFileType = folder.assetcatalog; path = "Preview Assets.xcassets"; sourceTree = "<group>"; };
		754B834F2BE36649000FF5E2 /* DiceApp_SwiftUITests.xctest */ = {isa = PBXFileReference; explicitFileType = wrapper.cfbundle; includeInIndex = 0; path = DiceApp_SwiftUITests.xctest; sourceTree = BUILT_PRODUCTS_DIR; };
		754B83532BE36649000FF5E2 /* DiceApp_SwiftUITests.swift */ = {isa = PBXFileReference; lastKnownFileType = sourcecode.swift; path = DiceApp_SwiftUITests.swift; sourceTree = "<group>"; };
		754B83592BE36649000FF5E2 /* DiceApp_SwiftUIUITests.xctest */ = {isa = PBXFileReference; explicitFileType = wrapper.cfbundle; includeInIndex = 0; path = DiceApp_SwiftUIUITests.xctest; sourceTree = BUILT_PRODUCTS_DIR; };
		754B835D2BE36649000FF5E2 /* DiceApp_SwiftUIUITests.swift */ = {isa = PBXFileReference; lastKnownFileType = sourcecode.swift; path = DiceApp_SwiftUIUITests.swift; sourceTree = "<group>"; };
		754B835F2BE36649000FF5E2 /* DiceApp_SwiftUIUITestsLaunchTests.swift */ = {isa = PBXFileReference; lastKnownFileType = sourcecode.swift; path = DiceApp_SwiftUIUITestsLaunchTests.swift; sourceTree = "<group>"; };
/* End PBXFileReference section */

/* Begin PBXFrameworksBuildPhase section */
		754B833C2BE36646000FF5E2 /* Frameworks */ = {
			isa = PBXFrameworksBuildPhase;
			buildActionMask = 2147483647;
			files = (
			);
			runOnlyForDeploymentPostprocessing = 0;
		};
		754B834C2BE36649000FF5E2 /* Frameworks */ = {
			isa = PBXFrameworksBuildPhase;
			buildActionMask = 2147483647;
			files = (
			);
			runOnlyForDeploymentPostprocessing = 0;
		};
		754B83562BE36649000FF5E2 /* Frameworks */ = {
			isa = PBXFrameworksBuildPhase;
			buildActionMask = 2147483647;
			files = (
			);
			runOnlyForDeploymentPostprocessing = 0;
		};
/* End PBXFrameworksBuildPhase section */

/* Begin PBXGroup section */
		754B83362BE36646000FF5E2 = {
			isa = PBXGroup;
			children = (
				754B83412BE36646000FF5E2 /* DiceApp_SwiftUI */,
				754B83522BE36649000FF5E2 /* DiceApp_SwiftUITests */,
				754B835C2BE36649000FF5E2 /* DiceApp_SwiftUIUITests */,
				754B83402BE36646000FF5E2 /* Products */,
			);
			sourceTree = "<group>";
		};
		754B83402BE36646000FF5E2 /* Products */ = {
			isa = PBXGroup;
			children = (
				754B833F2BE36646000FF5E2 /* DiceApp_SwiftUI.app */,
				754B834F2BE36649000FF5E2 /* DiceApp_SwiftUITests.xctest */,
				754B83592BE36649000FF5E2 /* DiceApp_SwiftUIUITests.xctest */,
			);
			name = Products;
			sourceTree = "<group>";
		};
		754B83412BE36646000FF5E2 /* DiceApp_SwiftUI */ = {
			isa = PBXGroup;
			children = (
				754B83422BE36646000FF5E2 /* DiceApp_SwiftUIApp.swift */,
				754B83442BE36646000FF5E2 /* ContentView.swift */,
				754B83462BE36648000FF5E2 /* Assets.xcassets */,
				754B83482BE36648000FF5E2 /* Preview Content */,
			);
			path = DiceApp_SwiftUI;
			sourceTree = "<group>";
		};
		754B83482BE36648000FF5E2 /* Preview Content */ = {
			isa = PBXGroup;
			children = (
				754B83492BE36648000FF5E2 /* Preview Assets.xcassets */,
			);
			path = "Preview Content";
			sourceTree = "<group>";
		};
		754B83522BE36649000FF5E2 /* DiceApp_SwiftUITests */ = {
			isa = PBXGroup;
			children = (
				754B83532BE36649000FF5E2 /* DiceApp_SwiftUITests.swift */,
			);
			path = DiceApp_SwiftUITests;
			sourceTree = "<group>";
		};
		754B835C2BE36649000FF5E2 /* DiceApp_SwiftUIUITests */ = {
			isa = PBXGroup;
			children = (
				754B835D2BE36649000FF5E2 /* DiceApp_SwiftUIUITests.swift */,
				754B835F2BE36649000FF5E2 /* DiceApp_SwiftUIUITestsLaunchTests.swift */,
			);
			path = DiceApp_SwiftUIUITests;
			sourceTree = "<group>";
		};
/* End PBXGroup section */

/* Begin PBXNativeTarget section */
		754B833E2BE36646000FF5E2 /* DiceApp_SwiftUI */ = {
			isa = PBXNativeTarget;
			buildConfigurationList = 754B83632BE36649000FF5E2 /* Build configuration list for PBXNativeTarget "DiceApp_SwiftUI" */;
			buildPhases = (
				754B833B2BE36646000FF5E2 /* Sources */,
				754B833C2BE36646000FF5E2 /* Frameworks */,
				754B833D2BE36646000FF5E2 /* Resources */,
			);
			buildRules = (
			);
			dependencies = (
			);
			name = DiceApp_SwiftUI;
			productName = DiceApp_SwiftUI;
			productReference = 754B833F2BE36646000FF5E2 /* DiceApp_SwiftUI.app */;
			productType = "com.apple.product-type.application";
		};
		754B834E2BE36649000FF5E2 /* DiceApp_SwiftUITests */ = {
			isa = PBXNativeTarget;
			buildConfigurationList = 754B83662BE36649000FF5E2 /* Build configuration list for PBXNativeTarget "DiceApp_SwiftUITests" */;
			buildPhases = (
				754B834B2BE36649000FF5E2 /* Sources */,
				754B834C2BE36649000FF5E2 /* Frameworks */,
				754B834D2BE36649000FF5E2 /* Resources */,
			);
			buildRules = (
			);
			dependencies = (
				754B83512BE36649000FF5E2 /* PBXTargetDependency */,
			);
			name = DiceApp_SwiftUITests;
			productName = DiceApp_SwiftUITests;
			productReference = 754B834F2BE36649000FF5E2 /* DiceApp_SwiftUITests.xctest */;
			productType = "com.apple.product-type.bundle.unit-test";
		};
		754B83582BE36649000FF5E2 /* DiceApp_SwiftUIUITests */ = {
			isa = PBXNativeTarget;
			buildConfigurationList = 754B83692BE36649000FF5E2 /* Build configuration list for PBXNativeTarget "DiceApp_SwiftUIUITests" */;
			buildPhases = (
				754B83552BE36649000FF5E2 /* Sources */,
				754B83562BE36649000FF5E2 /* Frameworks */,
				754B83572BE36649000FF5E2 /* Resources */,
			);
			buildRules = (
			);
			dependencies = (
				754B835B2BE36649000FF5E2 /* PBXTargetDependency */,
			);
			name = DiceApp_SwiftUIUITests;
			productName = DiceApp_SwiftUIUITests;
			productReference = 754B83592BE36649000FF5E2 /* DiceApp_SwiftUIUITests.xctest */;
			productType = "com.apple.product-type.bundle.ui-testing";
		};
/* End PBXNativeTarget section */

/* Begin PBXProject section */
		754B83372BE36646000FF5E2 /* Project object */ = {
			isa = PBXProject;
			attributes = {
				BuildIndependentTargetsInParallel = 1;
				LastSwiftUpdateCheck = 1530;
				LastUpgradeCheck = 1530;
				TargetAttributes = {
					754B833E2BE36646000FF5E2 = {
						CreatedOnToolsVersion = 15.3;
					};
					754B834E2BE36649000FF5E2 = {
						CreatedOnToolsVersion = 15.3;
						TestTargetID = 754B833E2BE36646000FF5E2;
					};
					754B83582BE36649000FF5E2 = {
						CreatedOnToolsVersion = 15.3;
						TestTargetID = 754B833E2BE36646000FF5E2;
					};
				};
			};
			buildConfigurationList = 754B833A2BE36646000FF5E2 /* Build configuration list for PBXProject "DiceApp_SwiftUI" */;
			compatibilityVersion = "Xcode 14.0";
			developmentRegion = en;
			hasScannedForEncodings = 0;
			knownRegions = (
				en,
				Base,
			);
			mainGroup = 754B83362BE36646000FF5E2;
			productRefGroup = 754B83402BE36646000FF5E2 /* Products */;
			projectDirPath = "";
			projectRoot = "";
			targets = (
				754B833E2BE36646000FF5E2 /* DiceApp_SwiftUI */,
				754B834E2BE36649000FF5E2 /* DiceApp_SwiftUITests */,
				754B83582BE36649000FF5E2 /* DiceApp_SwiftUIUITests */,
			);
		};
/* End PBXProject section */

/* Begin PBXResourcesBuildPhase section */
		754B833D2BE36646000FF5E2 /* Resources */ = {
			isa = PBXResourcesBuildPhase;
			buildActionMask = 2147483647;
			files = (
				754B834A2BE36648000FF5E2 /* Preview Assets.xcassets in Resources */,
				754B83472BE36648000FF5E2 /* Assets.xcassets in Resources */,
			);
			runOnlyForDeploymentPostprocessing = 0;
		};
		754B834D2BE36649000FF5E2 /* Resources */ = {
			isa = PBXResourcesBuildPhase;
			buildActionMask = 2147483647;
			files = (
			);
			runOnlyForDeploymentPostprocessing = 0;
		};
		754B83572BE36649000FF5E2 /* Resources */ = {
			isa = PBXResourcesBuildPhase;
			buildActionMask = 2147483647;
			files = (
			);
			runOnlyForDeploymentPostprocessing = 0;
		};
/* End PBXResourcesBuildPhase section */

/* Begin PBXSourcesBuildPhase section */
		754B833B2BE36646000FF5E2 /* Sources */ = {
			isa = PBXSourcesBuildPhase;
			buildActionMask = 2147483647;
			files = (
				754B83452BE36646000FF5E2 /* ContentView.swift in Sources */,
				754B83432BE36646000FF5E2 /* DiceApp_SwiftUIApp.swift in Sources */,
			);
			runOnlyForDeploymentPostprocessing = 0;
		};
		754B834B2BE36649000FF5E2 /* Sources */ = {
			isa = PBXSourcesBuildPhase;
			buildActionMask = 2147483647;
			files = (
				754B83542BE36649000FF5E2 /* DiceApp_SwiftUITests.swift in Sources */,
			);
			runOnlyForDeploymentPostprocessing = 0;
		};
		754B83552BE36649000FF5E2 /* Sources */ = {
			isa = PBXSourcesBuildPhase;
			buildActionMask = 2147483647;
			files = (
				754B835E2BE36649000FF5E2 /* DiceApp_SwiftUIUITests.swift in Sources */,
				754B83602BE36649000FF5E2 /* DiceApp_SwiftUIUITestsLaunchTests.swift in Sources */,
			);
			runOnlyForDeploymentPostprocessing = 0;
		};
/* End PBXSourcesBuildPhase section */

/* Begin PBXTargetDependency section */
		754B83512BE36649000FF5E2 /* PBXTargetDependency */ = {
			isa = PBXTargetDependency;
			target = 754B833E2BE36646000FF5E2 /* DiceApp_SwiftUI */;
			targetProxy = 754B83502BE36649000FF5E2 /* PBXContainerItemProxy */;
		};
		754B835B2BE36649000FF5E2 /* PBXTargetDependency */ = {
			isa = PBXTargetDependency;
			target = 754B833E2BE36646000FF5E2 /* DiceApp_SwiftUI */;
			targetProxy = 754B835A2BE36649000FF5E2 /* PBXContainerItemProxy */;
		};
/* End PBXTargetDependency section */

/* Begin XCBuildConfiguration section */
		754B83612BE36649000FF5E2 /* Debug */ = {
			isa = XCBuildConfiguration;
			buildSettings = {
				ALWAYS_SEARCH_USER_PATHS = NO;
				ASSETCATALOG_COMPILER_GENERATE_SWIFT_ASSET_SYMBOL_EXTENSIONS = YES;
				CLANG_ANALYZER_NONNULL = YES;
				CLANG_ANALYZER_NUMBER_OBJECT_CONVERSION = YES_AGGRESSIVE;
				CLANG_CXX_LANGUAGE_STANDARD = "gnu++20";
				CLANG_ENABLE_MODULES = YES;
				CLANG_ENABLE_OBJC_ARC = YES;
				CLANG_ENABLE_OBJC_WEAK = YES;
				CLANG_WARN_BLOCK_CAPTURE_AUTORELEASING = YES;
				CLANG_WARN_BOOL_CONVERSION = YES;
				CLANG_WARN_COMMA = YES;
				CLANG_WARN_CONSTANT_CONVERSION = YES;
				CLANG_WARN_DEPRECATED_OBJC_IMPLEMENTATIONS = YES;
				CLANG_WARN_DIRECT_OBJC_ISA_USAGE = YES_ERROR;
				CLANG_WARN_DOCUMENTATION_COMMENTS = YES;
				CLANG_WARN_EMPTY_BODY = YES;
				CLANG_WARN_ENUM_CONVERSION = YES;
				CLANG_WARN_INFINITE_RECURSION = YES;
				CLANG_WARN_INT_CONVERSION = YES;
				CLANG_WARN_NON_LITERAL_NULL_CONVERSION = YES;
				CLANG_WARN_OBJC_IMPLICIT_RETAIN_SELF = YES;
				CLANG_WARN_OBJC_LITERAL_CONVERSION = YES;
				CLANG_WARN_OBJC_ROOT_CLASS = YES_ERROR;
				CLANG_WARN_QUOTED_INCLUDE_IN_FRAMEWORK_HEADER = YES;
				CLANG_WARN_RANGE_LOOP_ANALYSIS = YES;
				CLANG_WARN_STRICT_PROTOTYPES = YES;
				CLANG_WARN_SUSPICIOUS_MOVE = YES;
				CLANG_WARN_UNGUARDED_AVAILABILITY = YES_AGGRESSIVE;
				CLANG_WARN_UNREACHABLE_CODE = YES;
				CLANG_WARN__DUPLICATE_METHOD_MATCH = YES;
				COPY_PHASE_STRIP = NO;
				DEBUG_INFORMATION_FORMAT = dwarf;
				ENABLE_STRICT_OBJC_MSGSEND = YES;
				ENABLE_TESTABILITY = YES;
				ENABLE_USER_SCRIPT_SANDBOXING = YES;
				GCC_C_LANGUAGE_STANDARD = gnu17;
				GCC_DYNAMIC_NO_PIC = NO;
				GCC_NO_COMMON_BLOCKS = YES;
				GCC_OPTIMIZATION_LEVEL = 0;
				GCC_PREPROCESSOR_DEFINITIONS = (
					"DEBUG=1",
					"$(inherited)",
				);
				GCC_WARN_64_TO_32_BIT_CONVERSION = YES;
				GCC_WARN_ABOUT_RETURN_TYPE = YES_ERROR;
				GCC_WARN_UNDECLARED_SELECTOR = YES;
				GCC_WARN_UNINITIALIZED_AUTOS = YES_AGGRESSIVE;
				GCC_WARN_UNUSED_FUNCTION = YES;
				GCC_WARN_UNUSED_VARIABLE = YES;
				IPHONEOS_DEPLOYMENT_TARGET = 17.4;
				LOCALIZATION_PREFERS_STRING_CATALOGS = YES;
				MTL_ENABLE_DEBUG_INFO = INCLUDE_SOURCE;
				MTL_FAST_MATH = YES;
				ONLY_ACTIVE_ARCH = YES;
				SDKROOT = iphoneos;
				SWIFT_ACTIVE_COMPILATION_CONDITIONS = "DEBUG $(inherited)";
				SWIFT_OPTIMIZATION_LEVEL = "-Onone";
			};
			name = Debug;
		};
		754B83622BE36649000FF5E2 /* Release */ = {
			isa = XCBuildConfiguration;
			buildSettings = {
				ALWAYS_SEARCH_USER_PATHS = NO;
				ASSETCATALOG_COMPILER_GENERATE_SWIFT_ASSET_SYMBOL_EXTENSIONS = YES;
				CLANG_ANALYZER_NONNULL = YES;
				CLANG_ANALYZER_NUMBER_OBJECT_CONVERSION = YES_AGGRESSIVE;
				CLANG_CXX_LANGUAGE_STANDARD = "gnu++20";
				CLANG_ENABLE_MODULES = YES;
				CLANG_ENABLE_OBJC_ARC = YES;
				CLANG_ENABLE_OBJC_WEAK = YES;
				CLANG_WARN_BLOCK_CAPTURE_AUTORELEASING = YES;
				CLANG_WARN_BOOL_CONVERSION = YES;
				CLANG_WARN_COMMA = YES;
				CLANG_WARN_CONSTANT_CONVERSION = YES;
				CLANG_WARN_DEPRECATED_OBJC_IMPLEMENTATIONS = YES;
				CLANG_WARN_DIRECT_OBJC_ISA_USAGE = YES_ERROR;
				CLANG_WARN_DOCUMENTATION_COMMENTS = YES;
				CLANG_WARN_EMPTY_BODY = YES;
				CLANG_WARN_ENUM_CONVERSION = YES;
				CLANG_WARN_INFINITE_RECURSION = YES;
				CLANG_WARN_INT_CONVERSION = YES;
				CLANG_WARN_NON_LITERAL_NULL_CONVERSION = YES;
				CLANG_WARN_OBJC_IMPLICIT_RETAIN_SELF = YES;
				CLANG_WARN_OBJC_LITERAL_CONVERSION = YES;
				CLANG_WARN_OBJC_ROOT_CLASS = YES_ERROR;
				CLANG_WARN_QUOTED_INCLUDE_IN_FRAMEWORK_HEADER = YES;
				CLANG_WARN_RANGE_LOOP_ANALYSIS = YES;
				CLANG_WARN_STRICT_PROTOTYPES = YES;
				CLANG_WARN_SUSPICIOUS_MOVE = YES;
				CLANG_WARN_UNGUARDED_AVAILABILITY = YES_AGGRESSIVE;
				CLANG_WARN_UNREACHABLE_CODE = YES;
				CLANG_WARN__DUPLICATE_METHOD_MATCH = YES;
				COPY_PHASE_STRIP = NO;
				DEBUG_INFORMATION_FORMAT = "dwarf-with-dsym";
				ENABLE_NS_ASSERTIONS = NO;
				ENABLE_STRICT_OBJC_MSGSEND = YES;
				ENABLE_USER_SCRIPT_SANDBOXING = YES;
				GCC_C_LANGUAGE_STANDARD = gnu17;
				GCC_NO_COMMON_BLOCKS = YES;
				GCC_WARN_64_TO_32_BIT_CONVERSION = YES;
				GCC_WARN_ABOUT_RETURN_TYPE = YES_ERROR;
				GCC_WARN_UNDECLARED_SELECTOR = YES;
				GCC_WARN_UNINITIALIZED_AUTOS = YES_AGGRESSIVE;
				GCC_WARN_UNUSED_FUNCTION = YES;
				GCC_WARN_UNUSED_VARIABLE = YES;
				IPHONEOS_DEPLOYMENT_TARGET = 17.4;
				LOCALIZATION_PREFERS_STRING_CATALOGS = YES;
				MTL_ENABLE_DEBUG_INFO = NO;
				MTL_FAST_MATH = YES;
				SDKROOT = iphoneos;
				SWIFT_COMPILATION_MODE = wholemodule;
				VALIDATE_PRODUCT = YES;
			};
			name = Release;
		};
		754B83642BE36649000FF5E2 /* Debug */ = {
			isa = XCBuildConfiguration;
			buildSettings = {
				ASSETCATALOG_COMPILER_APPICON_NAME = AppIcon;
				ASSETCATALOG_COMPILER_GLOBAL_ACCENT_COLOR_NAME = AccentColor;
				CODE_SIGN_STYLE = Automatic;
				CURRENT_PROJECT_VERSION = 1;
				DEVELOPMENT_ASSET_PATHS = "\"DiceApp_SwiftUI/Preview Content\"";
				ENABLE_PREVIEWS = YES;
				GENERATE_INFOPLIST_FILE = YES;
				INFOPLIST_KEY_UIApplicationSceneManifest_Generation = YES;
				INFOPLIST_KEY_UIApplicationSupportsIndirectInputEvents = YES;
				INFOPLIST_KEY_UILaunchScreen_Generation = YES;
				INFOPLIST_KEY_UISupportedInterfaceOrientations_iPad = "UIInterfaceOrientationPortrait UIInterfaceOrientationPortraitUpsideDown UIInterfaceOrientationLandscapeLeft UIInterfaceOrientationLandscapeRight";
				INFOPLIST_KEY_UISupportedInterfaceOrientations_iPhone = "UIInterfaceOrientationPortrait UIInterfaceOrientationLandscapeLeft UIInterfaceOrientationLandscapeRight";
				LD_RUNPATH_SEARCH_PATHS = (
					"$(inherited)",
					"@executable_path/Frameworks",
				);
				MARKETING_VERSION = 1.0;
				PRODUCT_BUNDLE_IDENTIFIER = "com.canada.DiceApp-SwiftUI";
				PRODUCT_NAME = "$(TARGET_NAME)";
				SWIFT_EMIT_LOC_STRINGS = YES;
				SWIFT_VERSION = 5.0;
				TARGETED_DEVICE_FAMILY = "1,2";
			};
			name = Debug;
		};
		754B83652BE36649000FF5E2 /* Release */ = {
			isa = XCBuildConfiguration;
			buildSettings = {
				ASSETCATALOG_COMPILER_APPICON_NAME = AppIcon;
				ASSETCATALOG_COMPILER_GLOBAL_ACCENT_COLOR_NAME = AccentColor;
				CODE_SIGN_STYLE = Automatic;
				CURRENT_PROJECT_VERSION = 1;
				DEVELOPMENT_ASSET_PATHS = "\"DiceApp_SwiftUI/Preview Content\"";
				ENABLE_PREVIEWS = YES;
				GENERATE_INFOPLIST_FILE = YES;
				INFOPLIST_KEY_UIApplicationSceneManifest_Generation = YES;
				INFOPLIST_KEY_UIApplicationSupportsIndirectInputEvents = YES;
				INFOPLIST_KEY_UILaunchScreen_Generation = YES;
				INFOPLIST_KEY_UISupportedInterfaceOrientations_iPad = "UIInterfaceOrientationPortrait UIInterfaceOrientationPortraitUpsideDown UIInterfaceOrientationLandscapeLeft UIInterfaceOrientationLandscapeRight";
				INFOPLIST_KEY_UISupportedInterfaceOrientations_iPhone = "UIInterfaceOrientationPortrait UIInterfaceOrientationLandscapeLeft UIInterfaceOrientationLandscapeRight";
				LD_RUNPATH_SEARCH_PATHS = (
					"$(inherited)",
					"@executable_path/Frameworks",
				);
				MARKETING_VERSION = 1.0;
				PRODUCT_BUNDLE_IDENTIFIER = "com.canada.DiceApp-SwiftUI";
				PRODUCT_NAME = "$(TARGET_NAME)";
				SWIFT_EMIT_LOC_STRINGS = YES;
				SWIFT_VERSION = 5.0;
				TARGETED_DEVICE_FAMILY = "1,2";
			};
			name = Release;
		};
		754B83672BE36649000FF5E2 /* Debug */ = {
			isa = XCBuildConfiguration;
			buildSettings = {
				ALWAYS_EMBED_SWIFT_STANDARD_LIBRARIES = YES;
				BUNDLE_LOADER = "$(TEST_HOST)";
				CODE_SIGN_STYLE = Automatic;
				CURRENT_PROJECT_VERSION = 1;
				GENERATE_INFOPLIST_FILE = YES;
				IPHONEOS_DEPLOYMENT_TARGET = 17.4;
				MARKETING_VERSION = 1.0;
				PRODUCT_BUNDLE_IDENTIFIER = "com.canada.DiceApp-SwiftUITests";
				PRODUCT_NAME = "$(TARGET_NAME)";
				SWIFT_EMIT_LOC_STRINGS = NO;
				SWIFT_VERSION = 5.0;
				TARGETED_DEVICE_FAMILY = "1,2";
				TEST_HOST = "$(BUILT_PRODUCTS_DIR)/DiceApp_SwiftUI.app/$(BUNDLE_EXECUTABLE_FOLDER_PATH)/DiceApp_SwiftUI";
			};
			name = Debug;
		};
		754B83682BE36649000FF5E2 /* Release */ = {
			isa = XCBuildConfiguration;
			buildSettings = {
				ALWAYS_EMBED_SWIFT_STANDARD_LIBRARIES = YES;
				BUNDLE_LOADER = "$(TEST_HOST)";
				CODE_SIGN_STYLE = Automatic;
				CURRENT_PROJECT_VERSION = 1;
				GENERATE_INFOPLIST_FILE = YES;
				IPHONEOS_DEPLOYMENT_TARGET = 17.4;
				MARKETING_VERSION = 1.0;
				PRODUCT_BUNDLE_IDENTIFIER = "com.canada.DiceApp-SwiftUITests";
				PRODUCT_NAME = "$(TARGET_NAME)";
				SWIFT_EMIT_LOC_STRINGS = NO;
				SWIFT_VERSION = 5.0;
				TARGETED_DEVICE_FAMILY = "1,2";
				TEST_HOST = "$(BUILT_PRODUCTS_DIR)/DiceApp_SwiftUI.app/$(BUNDLE_EXECUTABLE_FOLDER_PATH)/DiceApp_SwiftUI";
			};
			name = Release;
		};
		754B836A2BE36649000FF5E2 /* Debug */ = {
			isa = XCBuildConfiguration;
			buildSettings = {
				ALWAYS_EMBED_SWIFT_STANDARD_LIBRARIES = YES;
				CODE_SIGN_STYLE = Automatic;
				CURRENT_PROJECT_VERSION = 1;
				GENERATE_INFOPLIST_FILE = YES;
				MARKETING_VERSION = 1.0;
				PRODUCT_BUNDLE_IDENTIFIER = "com.canada.DiceApp-SwiftUIUITests";
				PRODUCT_NAME = "$(TARGET_NAME)";
				SWIFT_EMIT_LOC_STRINGS = NO;
				SWIFT_VERSION = 5.0;
				TARGETED_DEVICE_FAMILY = "1,2";
				TEST_TARGET_NAME = DiceApp_SwiftUI;
			};
			name = Debug;
		};
		754B836B2BE36649000FF5E2 /* Release */ = {
			isa = XCBuildConfiguration;
			buildSettings = {
				ALWAYS_EMBED_SWIFT_STANDARD_LIBRARIES = YES;
				CODE_SIGN_STYLE = Automatic;
				CURRENT_PROJECT_VERSION = 1;
				GENERATE_INFOPLIST_FILE = YES;
				MARKETING_VERSION = 1.0;
				PRODUCT_BUNDLE_IDENTIFIER = "com.canada.DiceApp-SwiftUIUITests";
				PRODUCT_NAME = "$(TARGET_NAME)";
				SWIFT_EMIT_LOC_STRINGS = NO;
				SWIFT_VERSION = 5.0;
				TARGETED_DEVICE_FAMILY = "1,2";
				TEST_TARGET_NAME = DiceApp_SwiftUI;
			};
			name = Release;
		};
/* End XCBuildConfiguration section */

/* Begin XCConfigurationList section */
		754B833A2BE36646000FF5E2 /* Build configuration list for PBXProject "DiceApp_SwiftUI" */ = {
			isa = XCConfigurationList;
			buildConfigurations = (
				754B83612BE36649000FF5E2 /* Debug */,
				754B83622BE36649000FF5E2 /* Release */,
			);
			defaultConfigurationIsVisible = 0;
			defaultConfigurationName = Release;
		};
		754B83632BE36649000FF5E2 /* Build configuration list for PBXNativeTarget "DiceApp_SwiftUI" */ = {
			isa = XCConfigurationList;
			buildConfigurations = (
				754B83642BE36649000FF5E2 /* Debug */,
				754B83652BE36649000FF5E2 /* Release */,
			);
			defaultConfigurationIsVisible = 0;
			defaultConfigurationName = Release;
		};
		754B83662BE36649000FF5E2 /* Build configuration list for PBXNativeTarget "DiceApp_SwiftUITests" */ = {
			isa = XCConfigurationList;
			buildConfigurations = (
				754B83672BE36649000FF5E2 /* Debug */,
				754B83682BE36649000FF5E2 /* Release */,
			);
			defaultConfigurationIsVisible = 0;
			defaultConfigurationName = Release;
		};
		754B83692BE36649000FF5E2 /* Build configuration list for PBXNativeTarget "DiceApp_SwiftUIUITests" */ = {
			isa = XCConfigurationList;
			buildConfigurations = (
				754B836A2BE36649000FF5E2 /* Debug */,
				754B836B2BE36649000FF5E2 /* Release */,
			);
			defaultConfigurationIsVisible = 0;
			defaultConfigurationName = Release;
		};
/* End XCConfigurationList section */
	};
	rootObject = 754B83372BE36646000FF5E2 /* Project object */;
}
